
Microsoft Visual Studio Solution File, Format Version 12.00
# Visual Studio Version 16
VisualStudioVersion = 16.0.32106.194
MinimumVisualStudioVersion = 10.0.40219.1
Project("{8BC9CEB8-8B4A-11D0-8D11-00A0C91BC942}") = "SoftQA", "SoftQA\SoftQA.vcxproj", "{045CB95A-9268-4A47-9D3C-F53AE354523B}"
EndProject
Project("{8BC9CEB8-8B4A-11D0-8D11-00A0C91BC942}") = "testForCreateMainMatrix", "testForCreateMainMatrix\testForCreateMainMatrix.vcxproj", "{16ABBDFB-B5E8-453E-94CD-B781572AB115}"
EndProject
Project("{8BC9CEB8-8B4A-11D0-8D11-00A0C91BC942}") = "testForCreatePersonalMatrix", "testForCreatePersonalMatrix\testForCreatePersonalMatrix.vcxproj", "{A2D21E5C-173C-41F0-B32B-B31C279F550D}"
EndProject
Project("{8BC9CEB8-8B4A-11D0-8D11-00A0C91BC942}") = "testForDeterminantOfMatrix", "testForDeterminantOfMatrix\testForDeterminantOfMatrix.vcxproj", "{E18A58D4-9201-452D-84DC-9B09C0402575}"
EndProject
Project("{8BC9CEB8-8B4A-11D0-8D11-00A0C91BC942}") = "testForCurrentValue", "testForCurrentValue\testForCurrentValue.vcxproj", "{4EE6D7ED-70CA-491E-AC22-A84864D68A37}"
EndProject
Project("{8BC9CEB8-8B4A-11D0-8D11-00A0C91BC942}") = "testsForFullResistanceOfbranch", "testsForFullResistanceOfbranch\testsForFullResistanceOfbranch.vcxproj", "{F1C32A96-BA29-46D8-B2D2-77F4E287D16E}"
EndProject
Global
	GlobalSection(SolutionConfigurationPlatforms) = preSolution
		Debug|x64 = Debug|x64
		Debug|x86 = Debug|x86
		Release|x64 = Release|x64
		Release|x86 = Release|x86
	EndGlobalSection
	GlobalSection(ProjectConfigurationPlatforms) = postSolution
		{045CB95A-9268-4A47-9D3C-F53AE354523B}.Debug|x64.ActiveCfg = Debug|x64
		{045CB95A-9268-4A47-9D3C-F53AE354523B}.Debug|x64.Build.0 = Debug|x64
		{045CB95A-9268-4A47-9D3C-F53AE354523B}.Debug|x86.ActiveCfg = Debug|Win32
		{045CB95A-9268-4A47-9D3C-F53AE354523B}.Debug|x86.Build.0 = Debug|Win32
		{045CB95A-9268-4A47-9D3C-F53AE354523B}.Release|x64.ActiveCfg = Release|x64
		{045CB95A-9268-4A47-9D3C-F53AE354523B}.Release|x64.Build.0 = Release|x64
		{045CB95A-9268-4A47-9D3C-F53AE354523B}.Release|x86.ActiveCfg = Release|Win32
		{045CB95A-9268-4A47-9D3C-F53AE354523B}.Release|x86.Build.0 = Release|Win32
		{16ABBDFB-B5E8-453E-94CD-B781572AB115}.Debug|x64.ActiveCfg = Debug|x64
		{16ABBDFB-B5E8-453E-94CD-B781572AB115}.Debug|x64.Build.0 = Debug|x64
		{16ABBDFB-B5E8-453E-94CD-B781572AB115}.Debug|x86.ActiveCfg = Debug|Win32
		{16ABBDFB-B5E8-453E-94CD-B781572AB115}.Debug|x86.Build.0 = Debug|Win32
		{16ABBDFB-B5E8-453E-94CD-B781572AB115}.Release|x64.ActiveCfg = Release|x64
		{16ABBDFB-B5E8-453E-94CD-B781572AB115}.Release|x64.Build.0 = Release|x64
		{16ABBDFB-B5E8-453E-94CD-B781572AB115}.Release|x86.ActiveCfg = Release|Win32
		{16ABBDFB-B5E8-453E-94CD-B781572AB115}.Release|x86.Build.0 = Release|Win32
		{A2D21E5C-173C-41F0-B32B-B31C279F550D}.Debug|x64.ActiveCfg = Debug|x64
		{A2D21E5C-173C-41F0-B32B-B31C279F550D}.Debug|x64.Build.0 = Debug|x64
		{A2D21E5C-173C-41F0-B32B-B31C279F550D}.Debug|x86.ActiveCfg = Debug|Win32
		{A2D21E5C-173C-41F0-B32B-B31C279F550D}.Debug|x86.Build.0 = Debug|Win32
		{A2D21E5C-173C-41F0-B32B-B31C279F550D}.Release|x64.ActiveCfg = Release|x64
		{A2D21E5C-173C-41F0-B32B-B31C279F550D}.Release|x64.Build.0 = Release|x64
		{A2D21E5C-173C-41F0-B32B-B31C279F550D}.Release|x86.ActiveCfg = Release|Win32
		{A2D21E5C-173C-41F0-B32B-B31C279F550D}.Release|x86.Build.0 = Release|Win32
		{E18A58D4-9201-452D-84DC-9B09C0402575}.Debug|x64.ActiveCfg = Debug|x64
		{E18A58D4-9201-452D-84DC-9B09C0402575}.Debug|x64.Build.0 = Debug|x64
		{E18A58D4-9201-452D-84DC-9B09C0402575}.Debug|x86.ActiveCfg = Debug|Win32
		{E18A58D4-9201-452D-84DC-9B09C0402575}.Debug|x86.Build.0 = Debug|Win32
		{E18A58D4-9201-452D-84DC-9B09C0402575}.Release|x64.ActiveCfg = Release|x64
		{E18A58D4-9201-452D-84DC-9B09C0402575}.Release|x64.Build.0 = Release|x64
		{E18A58D4-9201-452D-84DC-9B09C0402575}.Release|x86.ActiveCfg = Release|Win32
		{E18A58D4-9201-452D-84DC-9B09C0402575}.Release|x86.Build.0 = Release|Win32
		{4EE6D7ED-70CA-491E-AC22-A84864D68A37}.Debug|x64.ActiveCfg = Debug|x64
		{4EE6D7ED-70CA-491E-AC22-A84864D68A37}.Debug|x64.Build.0 = Debug|x64
		{4EE6D7ED-70CA-491E-AC22-A84864D68A37}.Debug|x86.ActiveCfg = Debug|Win32
		{4EE6D7ED-70CA-491E-AC22-A84864D68A37}.Debug|x86.Build.0 = Debug|Win32
		{4EE6D7ED-70CA-491E-AC22-A84864D68A37}.Release|x64.ActiveCfg = Release|x64
		{4EE6D7ED-70CA-491E-AC22-A84864D68A37}.Release|x64.Build.0 = Release|x64
		{4EE6D7ED-70CA-491E-AC22-A84864D68A37}.Release|x86.ActiveCfg = Release|Win32
		{4EE6D7ED-70CA-491E-AC22-A84864D68A37}.Release|x86.Build.0 = Release|Win32
		{F1C32A96-BA29-46D8-B2D2-77F4E287D16E}.Debug|x64.ActiveCfg = Debug|x64
		{F1C32A96-BA29-46D8-B2D2-77F4E287D16E}.Debug|x64.Build.0 = Debug|x64
		{F1C32A96-BA29-46D8-B2D2-77F4E287D16E}.Debug|x86.ActiveCfg = Debug|Win32
		{F1C32A96-BA29-46D8-B2D2-77F4E287D16E}.Debug|x86.Build.0 = Debug|Win32
		{F1C32A96-BA29-46D8-B2D2-77F4E287D16E}.Release|x64.ActiveCfg = Release|x64
		{F1C32A96-BA29-46D8-B2D2-77F4E287D16E}.Release|x64.Build.0 = Release|x64
		{F1C32A96-BA29-46D8-B2D2-77F4E287D16E}.Release|x86.ActiveCfg = Release|Win32
		{F1C32A96-BA29-46D8-B2D2-77F4E287D16E}.Release|x86.Build.0 = Release|Win32
	EndGlobalSection
	GlobalSection(SolutionProperties) = preSolution
		HideSolutionNode = FALSE
	EndGlobalSection
	GlobalSection(ExtensibilityGlobals) = postSolution
		SolutionGuid = {9344C1D9-61D4-478E-A8D4-7861DC14D614}
	EndGlobalSection
EndGlobal
